
Microsoft Visual Studio Solution File, Format Version 12.00
# Visual Studio Version 17
Project("{8BC9CEB8-8B4A-11D0-8D11-00A0C91BC942}") = "ALL_BUILD", "ALL_BUILD.vcxproj", "{31D25041-E826-39A8-97DF-726B59E191A8}"
	ProjectSection(ProjectDependencies) = postProject
		{2D9739B5-741C-3DE3-B9BF-47D92D003D80} = {2D9739B5-741C-3DE3-B9BF-47D92D003D80}
		{5AF19736-327B-3848-A9E5-F6C78B4A4AF5} = {5AF19736-327B-3848-A9E5-F6C78B4A4AF5}
		{9688A75B-9B7D-37A9-BDE2-F95DB0F39E70} = {9688A75B-9B7D-37A9-BDE2-F95DB0F39E70}
		{F5851092-E966-3205-A06E-5182DA691D48} = {F5851092-E966-3205-A06E-5182DA691D48}
		{885FF1C8-DD82-3667-B3F5-7DA0A0720B4E} = {885FF1C8-DD82-3667-B3F5-7DA0A0720B4E}
		{B37D4F7A-4B9D-3E3B-AEBF-0D05BCD87D50} = {B37D4F7A-4B9D-3E3B-AEBF-0D05BCD87D50}
		{93C3DC86-237D-329C-A491-2B9E6FD979BE} = {93C3DC86-237D-329C-A491-2B9E6FD979BE}
		{8D3803C5-D27A-3FD1-AC05-CEAC04BDEFD9} = {8D3803C5-D27A-3FD1-AC05-CEAC04BDEFD9}
		{46129C0C-8F23-33E8-B16A-D712A7541B5D} = {46129C0C-8F23-33E8-B16A-D712A7541B5D}
		{D629C13D-9BBC-356E-950F-7E85F5E22BE1} = {D629C13D-9BBC-356E-950F-7E85F5E22BE1}
		{2E390390-739C-3837-B572-A7070AB40818} = {2E390390-739C-3837-B572-A7070AB40818}
		{872779C4-1974-34F1-82C8-8F7ABFE503E5} = {872779C4-1974-34F1-82C8-8F7ABFE503E5}
	EndProjectSection
EndProject
Project("{8BC9CEB8-8B4A-11D0-8D11-00A0C91BC942}") = "INSTALL", "INSTALL.vcxproj", "{99B0D781-D70F-35AD-9185-C186699EEF60}"
	ProjectSection(ProjectDependencies) = postProject
		{31D25041-E826-39A8-97DF-726B59E191A8} = {31D25041-E826-39A8-97DF-726B59E191A8}
		{2D9739B5-741C-3DE3-B9BF-47D92D003D80} = {2D9739B5-741C-3DE3-B9BF-47D92D003D80}
	EndProjectSection
EndProject
Project("{8BC9CEB8-8B4A-11D0-8D11-00A0C91BC942}") = "ZERO_CHECK", "ZERO_CHECK.vcxproj", "{2D9739B5-741C-3DE3-B9BF-47D92D003D80}"
	ProjectSection(ProjectDependencies) = postProject
	EndProjectSection
EndProject
Project("{8BC9CEB8-8B4A-11D0-8D11-00A0C91BC942}") = "ggml", "ml\backend\ggml\ggml\src\ggml.vcxproj", "{A5530398-3C5F-38B6-BDC7-CA986E869721}"
	ProjectSection(ProjectDependencies) = postProject
		{2D9739B5-741C-3DE3-B9BF-47D92D003D80} = {2D9739B5-741C-3DE3-B9BF-47D92D003D80}
		{5AF19736-327B-3848-A9E5-F6C78B4A4AF5} = {5AF19736-327B-3848-A9E5-F6C78B4A4AF5}
		{9688A75B-9B7D-37A9-BDE2-F95DB0F39E70} = {9688A75B-9B7D-37A9-BDE2-F95DB0F39E70}
		{885FF1C8-DD82-3667-B3F5-7DA0A0720B4E} = {885FF1C8-DD82-3667-B3F5-7DA0A0720B4E}
		{93C3DC86-237D-329C-A491-2B9E6FD979BE} = {93C3DC86-237D-329C-A491-2B9E6FD979BE}
		{46129C0C-8F23-33E8-B16A-D712A7541B5D} = {46129C0C-8F23-33E8-B16A-D712A7541B5D}
		{2E390390-739C-3837-B572-A7070AB40818} = {2E390390-739C-3837-B572-A7070AB40818}
	EndProjectSection
EndProject
Project("{8BC9CEB8-8B4A-11D0-8D11-00A0C91BC942}") = "ggml-base", "ml\backend\ggml\ggml\src\ggml-base.vcxproj", "{5AF19736-327B-3848-A9E5-F6C78B4A4AF5}"
	ProjectSection(ProjectDependencies) = postProject
		{2D9739B5-741C-3DE3-B9BF-47D92D003D80} = {2D9739B5-741C-3DE3-B9BF-47D92D003D80}
	EndProjectSection
EndProject
Project("{8BC9CEB8-8B4A-11D0-8D11-00A0C91BC942}") = "ggml-cpu", "ml\backend\ggml\ggml\src\ggml-cpu.vcxproj", "{6C8234C1-3A99-34C3-ACA5-986DC9F1855A}"
	ProjectSection(ProjectDependencies) = postProject
		{2D9739B5-741C-3DE3-B9BF-47D92D003D80} = {2D9739B5-741C-3DE3-B9BF-47D92D003D80}
		{9688A75B-9B7D-37A9-BDE2-F95DB0F39E70} = {9688A75B-9B7D-37A9-BDE2-F95DB0F39E70}
		{885FF1C8-DD82-3667-B3F5-7DA0A0720B4E} = {885FF1C8-DD82-3667-B3F5-7DA0A0720B4E}
		{93C3DC86-237D-329C-A491-2B9E6FD979BE} = {93C3DC86-237D-329C-A491-2B9E6FD979BE}
		{46129C0C-8F23-33E8-B16A-D712A7541B5D} = {46129C0C-8F23-33E8-B16A-D712A7541B5D}
		{2E390390-739C-3837-B572-A7070AB40818} = {2E390390-739C-3837-B572-A7070AB40818}
	EndProjectSection
EndProject
Project("{8BC9CEB8-8B4A-11D0-8D11-00A0C91BC942}") = "ggml-cpu-alderlake", "ml\backend\ggml\ggml\src\ggml-cpu-alderlake.vcxproj", "{9688A75B-9B7D-37A9-BDE2-F95DB0F39E70}"
	ProjectSection(ProjectDependencies) = postProject
		{2D9739B5-741C-3DE3-B9BF-47D92D003D80} = {2D9739B5-741C-3DE3-B9BF-47D92D003D80}
		{5AF19736-327B-3848-A9E5-F6C78B4A4AF5} = {5AF19736-327B-3848-A9E5-F6C78B4A4AF5}
		{F5851092-E966-3205-A06E-5182DA691D48} = {F5851092-E966-3205-A06E-5182DA691D48}
	EndProjectSection
EndProject
Project("{8BC9CEB8-8B4A-11D0-8D11-00A0C91BC942}") = "ggml-cpu-alderlake-feats", "ml\backend\ggml\ggml\src\ggml-cpu-alderlake-feats.vcxproj", "{F5851092-E966-3205-A06E-5182DA691D48}"
	ProjectSection(ProjectDependencies) = postProject
		{2D9739B5-741C-3DE3-B9BF-47D92D003D80} = {2D9739B5-741C-3DE3-B9BF-47D92D003D80}
	EndProjectSection
EndProject
Project("{8BC9CEB8-8B4A-11D0-8D11-00A0C91BC942}") = "ggml-cpu-haswell", "ml\backend\ggml\ggml\src\ggml-cpu-haswell.vcxproj", "{885FF1C8-DD82-3667-B3F5-7DA0A0720B4E}"
	ProjectSection(ProjectDependencies) = postProject
		{2D9739B5-741C-3DE3-B9BF-47D92D003D80} = {2D9739B5-741C-3DE3-B9BF-47D92D003D80}
		{5AF19736-327B-3848-A9E5-F6C78B4A4AF5} = {5AF19736-327B-3848-A9E5-F6C78B4A4AF5}
		{B37D4F7A-4B9D-3E3B-AEBF-0D05BCD87D50} = {B37D4F7A-4B9D-3E3B-AEBF-0D05BCD87D50}
	EndProjectSection
EndProject
Project("{8BC9CEB8-8B4A-11D0-8D11-00A0C91BC942}") = "ggml-cpu-haswell-feats", "ml\backend\ggml\ggml\src\ggml-cpu-haswell-feats.vcxproj", "{B37D4F7A-4B9D-3E3B-AEBF-0D05BCD87D50}"
	ProjectSection(ProjectDependencies) = postProject
		{2D9739B5-741C-3DE3-B9BF-47D92D003D80} = {2D9739B5-741C-3DE3-B9BF-47D92D003D80}
	EndProjectSection
EndProject
Project("{8BC9CEB8-8B4A-11D0-8D11-00A0C91BC942}") = "ggml-cpu-icelake", "ml\backend\ggml\ggml\src\ggml-cpu-icelake.vcxproj", "{93C3DC86-237D-329C-A491-2B9E6FD979BE}"
	ProjectSection(ProjectDependencies) = postProject
		{2D9739B5-741C-3DE3-B9BF-47D92D003D80} = {2D9739B5-741C-3DE3-B9BF-47D92D003D80}
		{5AF19736-327B-3848-A9E5-F6C78B4A4AF5} = {5AF19736-327B-3848-A9E5-F6C78B4A4AF5}
		{8D3803C5-D27A-3FD1-AC05-CEAC04BDEFD9} = {8D3803C5-D27A-3FD1-AC05-CEAC04BDEFD9}
	EndProjectSection
EndProject
Project("{8BC9CEB8-8B4A-11D0-8D11-00A0C91BC942}") = "ggml-cpu-icelake-feats", "ml\backend\ggml\ggml\src\ggml-cpu-icelake-feats.vcxproj", "{8D3803C5-D27A-3FD1-AC05-CEAC04BDEFD9}"
	ProjectSection(ProjectDependencies) = postProject
		{2D9739B5-741C-3DE3-B9BF-47D92D003D80} = {2D9739B5-741C-3DE3-B9BF-47D92D003D80}
	EndProjectSection
EndProject
Project("{8BC9CEB8-8B4A-11D0-8D11-00A0C91BC942}") = "ggml-cpu-sandybridge", "ml\backend\ggml\ggml\src\ggml-cpu-sandybridge.vcxproj", "{46129C0C-8F23-33E8-B16A-D712A7541B5D}"
	ProjectSection(ProjectDependencies) = postProject
		{2D9739B5-741C-3DE3-B9BF-47D92D003D80} = {2D9739B5-741C-3DE3-B9BF-47D92D003D80}
		{5AF19736-327B-3848-A9E5-F6C78B4A4AF5} = {5AF19736-327B-3848-A9E5-F6C78B4A4AF5}
		{D629C13D-9BBC-356E-950F-7E85F5E22BE1} = {D629C13D-9BBC-356E-950F-7E85F5E22BE1}
	EndProjectSection
EndProject
Project("{8BC9CEB8-8B4A-11D0-8D11-00A0C91BC942}") = "ggml-cpu-sandybridge-feats", "ml\backend\ggml\ggml\src\ggml-cpu-sandybridge-feats.vcxproj", "{D629C13D-9BBC-356E-950F-7E85F5E22BE1}"
	ProjectSection(ProjectDependencies) = postProject
		{2D9739B5-741C-3DE3-B9BF-47D92D003D80} = {2D9739B5-741C-3DE3-B9BF-47D92D003D80}
	EndProjectSection
EndProject
Project("{8BC9CEB8-8B4A-11D0-8D11-00A0C91BC942}") = "ggml-cpu-skylakex", "ml\backend\ggml\ggml\src\ggml-cpu-skylakex.vcxproj", "{2E390390-739C-3837-B572-A7070AB40818}"
	ProjectSection(ProjectDependencies) = postProject
		{2D9739B5-741C-3DE3-B9BF-47D92D003D80} = {2D9739B5-741C-3DE3-B9BF-47D92D003D80}
		{5AF19736-327B-3848-A9E5-F6C78B4A4AF5} = {5AF19736-327B-3848-A9E5-F6C78B4A4AF5}
		{872779C4-1974-34F1-82C8-8F7ABFE503E5} = {872779C4-1974-34F1-82C8-8F7ABFE503E5}
	EndProjectSection
EndProject
Project("{8BC9CEB8-8B4A-11D0-8D11-00A0C91BC942}") = "ggml-cpu-skylakex-feats", "ml\backend\ggml\ggml\src\ggml-cpu-skylakex-feats.vcxproj", "{872779C4-1974-34F1-82C8-8F7ABFE503E5}"
	ProjectSection(ProjectDependencies) = postProject
		{2D9739B5-741C-3DE3-B9BF-47D92D003D80} = {2D9739B5-741C-3DE3-B9BF-47D92D003D80}
	EndProjectSection
EndProject
Global
	GlobalSection(SolutionConfigurationPlatforms) = preSolution
		Debug|x64 = Debug|x64
		Release|x64 = Release|x64
		MinSizeRel|x64 = MinSizeRel|x64
		RelWithDebInfo|x64 = RelWithDebInfo|x64
	EndGlobalSection
	GlobalSection(ProjectConfigurationPlatforms) = postSolution
		{31D25041-E826-39A8-97DF-726B59E191A8}.Debug|x64.ActiveCfg = Debug|x64
		{31D25041-E826-39A8-97DF-726B59E191A8}.Debug|x64.Build.0 = Debug|x64
		{31D25041-E826-39A8-97DF-726B59E191A8}.Release|x64.ActiveCfg = Release|x64
		{31D25041-E826-39A8-97DF-726B59E191A8}.Release|x64.Build.0 = Release|x64
		{31D25041-E826-39A8-97DF-726B59E191A8}.MinSizeRel|x64.ActiveCfg = MinSizeRel|x64
		{31D25041-E826-39A8-97DF-726B59E191A8}.MinSizeRel|x64.Build.0 = MinSizeRel|x64
		{31D25041-E826-39A8-97DF-726B59E191A8}.RelWithDebInfo|x64.ActiveCfg = RelWithDebInfo|x64
		{31D25041-E826-39A8-97DF-726B59E191A8}.RelWithDebInfo|x64.Build.0 = RelWithDebInfo|x64
		{99B0D781-D70F-35AD-9185-C186699EEF60}.Debug|x64.ActiveCfg = Debug|x64
		{99B0D781-D70F-35AD-9185-C186699EEF60}.Release|x64.ActiveCfg = Release|x64
		{99B0D781-D70F-35AD-9185-C186699EEF60}.MinSizeRel|x64.ActiveCfg = MinSizeRel|x64
		{99B0D781-D70F-35AD-9185-C186699EEF60}.RelWithDebInfo|x64.ActiveCfg = RelWithDebInfo|x64
		{2D9739B5-741C-3DE3-B9BF-47D92D003D80}.Debug|x64.ActiveCfg = Debug|x64
		{2D9739B5-741C-3DE3-B9BF-47D92D003D80}.Debug|x64.Build.0 = Debug|x64
		{2D9739B5-741C-3DE3-B9BF-47D92D003D80}.Release|x64.ActiveCfg = Release|x64
		{2D9739B5-741C-3DE3-B9BF-47D92D003D80}.Release|x64.Build.0 = Release|x64
		{2D9739B5-741C-3DE3-B9BF-47D92D003D80}.MinSizeRel|x64.ActiveCfg = MinSizeRel|x64
		{2D9739B5-741C-3DE3-B9BF-47D92D003D80}.MinSizeRel|x64.Build.0 = MinSizeRel|x64
		{2D9739B5-741C-3DE3-B9BF-47D92D003D80}.RelWithDebInfo|x64.ActiveCfg = RelWithDebInfo|x64
		{2D9739B5-741C-3DE3-B9BF-47D92D003D80}.RelWithDebInfo|x64.Build.0 = RelWithDebInfo|x64
		{A5530398-3C5F-38B6-BDC7-CA986E869721}.Debug|x64.ActiveCfg = Debug|x64
		{A5530398-3C5F-38B6-BDC7-CA986E869721}.Debug|x64.Build.0 = Debug|x64
		{A5530398-3C5F-38B6-BDC7-CA986E869721}.Release|x64.ActiveCfg = Release|x64
		{A5530398-3C5F-38B6-BDC7-CA986E869721}.Release|x64.Build.0 = Release|x64
		{A5530398-3C5F-38B6-BDC7-CA986E869721}.MinSizeRel|x64.ActiveCfg = MinSizeRel|x64
		{A5530398-3C5F-38B6-BDC7-CA986E869721}.MinSizeRel|x64.Build.0 = MinSizeRel|x64
		{A5530398-3C5F-38B6-BDC7-CA986E869721}.RelWithDebInfo|x64.ActiveCfg = RelWithDebInfo|x64
		{A5530398-3C5F-38B6-BDC7-CA986E869721}.RelWithDebInfo|x64.Build.0 = RelWithDebInfo|x64
		{5AF19736-327B-3848-A9E5-F6C78B4A4AF5}.Debug|x64.ActiveCfg = Debug|x64
		{5AF19736-327B-3848-A9E5-F6C78B4A4AF5}.Debug|x64.Build.0 = Debug|x64
		{5AF19736-327B-3848-A9E5-F6C78B4A4AF5}.Release|x64.ActiveCfg = Release|x64
		{5AF19736-327B-3848-A9E5-F6C78B4A4AF5}.Release|x64.Build.0 = Release|x64
		{5AF19736-327B-3848-A9E5-F6C78B4A4AF5}.MinSizeRel|x64.ActiveCfg = MinSizeRel|x64
		{5AF19736-327B-3848-A9E5-F6C78B4A4AF5}.MinSizeRel|x64.Build.0 = MinSizeRel|x64
		{5AF19736-327B-3848-A9E5-F6C78B4A4AF5}.RelWithDebInfo|x64.ActiveCfg = RelWithDebInfo|x64
		{5AF19736-327B-3848-A9E5-F6C78B4A4AF5}.RelWithDebInfo|x64.Build.0 = RelWithDebInfo|x64
		{6C8234C1-3A99-34C3-ACA5-986DC9F1855A}.Debug|x64.ActiveCfg = Debug|x64
		{6C8234C1-3A99-34C3-ACA5-986DC9F1855A}.Release|x64.ActiveCfg = Release|x64
		{6C8234C1-3A99-34C3-ACA5-986DC9F1855A}.MinSizeRel|x64.ActiveCfg = MinSizeRel|x64
		{6C8234C1-3A99-34C3-ACA5-986DC9F1855A}.RelWithDebInfo|x64.ActiveCfg = RelWithDebInfo|x64
		{9688A75B-9B7D-37A9-BDE2-F95DB0F39E70}.Debug|x64.ActiveCfg = Debug|x64
		{9688A75B-9B7D-37A9-BDE2-F95DB0F39E70}.Debug|x64.Build.0 = Debug|x64
		{9688A75B-9B7D-37A9-BDE2-F95DB0F39E70}.Release|x64.ActiveCfg = Release|x64
		{9688A75B-9B7D-37A9-BDE2-F95DB0F39E70}.Release|x64.Build.0 = Release|x64
		{9688A75B-9B7D-37A9-BDE2-F95DB0F39E70}.MinSizeRel|x64.ActiveCfg = MinSizeRel|x64
		{9688A75B-9B7D-37A9-BDE2-F95DB0F39E70}.MinSizeRel|x64.Build.0 = MinSizeRel|x64
		{9688A75B-9B7D-37A9-BDE2-F95DB0F39E70}.RelWithDebInfo|x64.ActiveCfg = RelWithDebInfo|x64
		{9688A75B-9B7D-37A9-BDE2-F95DB0F39E70}.RelWithDebInfo|x64.Build.0 = RelWithDebInfo|x64
		{F5851092-E966-3205-A06E-5182DA691D48}.Debug|x64.ActiveCfg = Debug|x64
		{F5851092-E966-3205-A06E-5182DA691D48}.Debug|x64.Build.0 = Debug|x64
		{F5851092-E966-3205-A06E-5182DA691D48}.Release|x64.ActiveCfg = Release|x64
		{F5851092-E966-3205-A06E-5182DA691D48}.Release|x64.Build.0 = Release|x64
		{F5851092-E966-3205-A06E-5182DA691D48}.MinSizeRel|x64.ActiveCfg = MinSizeRel|x64
		{F5851092-E966-3205-A06E-5182DA691D48}.MinSizeRel|x64.Build.0 = MinSizeRel|x64
		{F5851092-E966-3205-A06E-5182DA691D48}.RelWithDebInfo|x64.ActiveCfg = RelWithDebInfo|x64
		{F5851092-E966-3205-A06E-5182DA691D48}.RelWithDebInfo|x64.Build.0 = RelWithDebInfo|x64
		{885FF1C8-DD82-3667-B3F5-7DA0A0720B4E}.Debug|x64.ActiveCfg = Debug|x64
		{885FF1C8-DD82-3667-B3F5-7DA0A0720B4E}.Debug|x64.Build.0 = Debug|x64
		{885FF1C8-DD82-3667-B3F5-7DA0A0720B4E}.Release|x64.ActiveCfg = Release|x64
		{885FF1C8-DD82-3667-B3F5-7DA0A0720B4E}.Release|x64.Build.0 = Release|x64
		{885FF1C8-DD82-3667-B3F5-7DA0A0720B4E}.MinSizeRel|x64.ActiveCfg = MinSizeRel|x64
		{885FF1C8-DD82-3667-B3F5-7DA0A0720B4E}.MinSizeRel|x64.Build.0 = MinSizeRel|x64
		{885FF1C8-DD82-3667-B3F5-7DA0A0720B4E}.RelWithDebInfo|x64.ActiveCfg = RelWithDebInfo|x64
		{885FF1C8-DD82-3667-B3F5-7DA0A0720B4E}.RelWithDebInfo|x64.Build.0 = RelWithDebInfo|x64
		{B37D4F7A-4B9D-3E3B-AEBF-0D05BCD87D50}.Debug|x64.ActiveCfg = Debug|x64
		{B37D4F7A-4B9D-3E3B-AEBF-0D05BCD87D50}.Debug|x64.Build.0 = Debug|x64
		{B37D4F7A-4B9D-3E3B-AEBF-0D05BCD87D50}.Release|x64.ActiveCfg = Release|x64
		{B37D4F7A-4B9D-3E3B-AEBF-0D05BCD87D50}.Release|x64.Build.0 = Release|x64
		{B37D4F7A-4B9D-3E3B-AEBF-0D05BCD87D50}.MinSizeRel|x64.ActiveCfg = MinSizeRel|x64
		{B37D4F7A-4B9D-3E3B-AEBF-0D05BCD87D50}.MinSizeRel|x64.Build.0 = MinSizeRel|x64
		{B37D4F7A-4B9D-3E3B-AEBF-0D05BCD87D50}.RelWithDebInfo|x64.ActiveCfg = RelWithDebInfo|x64
		{B37D4F7A-4B9D-3E3B-AEBF-0D05BCD87D50}.RelWithDebInfo|x64.Build.0 = RelWithDebInfo|x64
		{93C3DC86-237D-329C-A491-2B9E6FD979BE}.Debug|x64.ActiveCfg = Debug|x64
		{93C3DC86-237D-329C-A491-2B9E6FD979BE}.Debug|x64.Build.0 = Debug|x64
		{93C3DC86-237D-329C-A491-2B9E6FD979BE}.Release|x64.ActiveCfg = Release|x64
		{93C3DC86-237D-329C-A491-2B9E6FD979BE}.Release|x64.Build.0 = Release|x64
		{93C3DC86-237D-329C-A491-2B9E6FD979BE}.MinSizeRel|x64.ActiveCfg = MinSizeRel|x64
		{93C3DC86-237D-329C-A491-2B9E6FD979BE}.MinSizeRel|x64.Build.0 = MinSizeRel|x64
		{93C3DC86-237D-329C-A491-2B9E6FD979BE}.RelWithDebInfo|x64.ActiveCfg = RelWithDebInfo|x64
		{93C3DC86-237D-329C-A491-2B9E6FD979BE}.RelWithDebInfo|x64.Build.0 = RelWithDebInfo|x64
		{8D3803C5-D27A-3FD1-AC05-CEAC04BDEFD9}.Debug|x64.ActiveCfg = Debug|x64
		{8D3803C5-D27A-3FD1-AC05-CEAC04BDEFD9}.Debug|x64.Build.0 = Debug|x64
		{8D3803C5-D27A-3FD1-AC05-CEAC04BDEFD9}.Release|x64.ActiveCfg = Release|x64
		{8D3803C5-D27A-3FD1-AC05-CEAC04BDEFD9}.Release|x64.Build.0 = Release|x64
		{8D3803C5-D27A-3FD1-AC05-CEAC04BDEFD9}.MinSizeRel|x64.ActiveCfg = MinSizeRel|x64
		{8D3803C5-D27A-3FD1-AC05-CEAC04BDEFD9}.MinSizeRel|x64.Build.0 = MinSizeRel|x64
		{8D3803C5-D27A-3FD1-AC05-CEAC04BDEFD9}.RelWithDebInfo|x64.ActiveCfg = RelWithDebInfo|x64
		{8D3803C5-D27A-3FD1-AC05-CEAC04BDEFD9}.RelWithDebInfo|x64.Build.0 = RelWithDebInfo|x64
		{46129C0C-8F23-33E8-B16A-D712A7541B5D}.Debug|x64.ActiveCfg = Debug|x64
		{46129C0C-8F23-33E8-B16A-D712A7541B5D}.Debug|x64.Build.0 = Debug|x64
		{46129C0C-8F23-33E8-B16A-D712A7541B5D}.Release|x64.ActiveCfg = Release|x64
		{46129C0C-8F23-33E8-B16A-D712A7541B5D}.Release|x64.Build.0 = Release|x64
		{46129C0C-8F23-33E8-B16A-D712A7541B5D}.MinSizeRel|x64.ActiveCfg = MinSizeRel|x64
		{46129C0C-8F23-33E8-B16A-D712A7541B5D}.MinSizeRel|x64.Build.0 = MinSizeRel|x64
		{46129C0C-8F23-33E8-B16A-D712A7541B5D}.RelWithDebInfo|x64.ActiveCfg = RelWithDebInfo|x64
		{46129C0C-8F23-33E8-B16A-D712A7541B5D}.RelWithDebInfo|x64.Build.0 = RelWithDebInfo|x64
		{D629C13D-9BBC-356E-950F-7E85F5E22BE1}.Debug|x64.ActiveCfg = Debug|x64
		{D629C13D-9BBC-356E-950F-7E85F5E22BE1}.Debug|x64.Build.0 = Debug|x64
		{D629C13D-9BBC-356E-950F-7E85F5E22BE1}.Release|x64.ActiveCfg = Release|x64
		{D629C13D-9BBC-356E-950F-7E85F5E22BE1}.Release|x64.Build.0 = Release|x64
		{D629C13D-9BBC-356E-950F-7E85F5E22BE1}.MinSizeRel|x64.ActiveCfg = MinSizeRel|x64
		{D629C13D-9BBC-356E-950F-7E85F5E22BE1}.MinSizeRel|x64.Build.0 = MinSizeRel|x64
		{D629C13D-9BBC-356E-950F-7E85F5E22BE1}.RelWithDebInfo|x64.ActiveCfg = RelWithDebInfo|x64
		{D629C13D-9BBC-356E-950F-7E85F5E22BE1}.RelWithDebInfo|x64.Build.0 = RelWithDebInfo|x64
		{2E390390-739C-3837-B572-A7070AB40818}.Debug|x64.ActiveCfg = Debug|x64
		{2E390390-739C-3837-B572-A7070AB40818}.Debug|x64.Build.0 = Debug|x64
		{2E390390-739C-3837-B572-A7070AB40818}.Release|x64.ActiveCfg = Release|x64
		{2E390390-739C-3837-B572-A7070AB40818}.Release|x64.Build.0 = Release|x64
		{2E390390-739C-3837-B572-A7070AB40818}.MinSizeRel|x64.ActiveCfg = MinSizeRel|x64
		{2E390390-739C-3837-B572-A7070AB40818}.MinSizeRel|x64.Build.0 = MinSizeRel|x64
		{2E390390-739C-3837-B572-A7070AB40818}.RelWithDebInfo|x64.ActiveCfg = RelWithDebInfo|x64
		{2E390390-739C-3837-B572-A7070AB40818}.RelWithDebInfo|x64.Build.0 = RelWithDebInfo|x64
		{872779C4-1974-34F1-82C8-8F7ABFE503E5}.Debug|x64.ActiveCfg = Debug|x64
		{872779C4-1974-34F1-82C8-8F7ABFE503E5}.Debug|x64.Build.0 = Debug|x64
		{872779C4-1974-34F1-82C8-8F7ABFE503E5}.Release|x64.ActiveCfg = Release|x64
		{872779C4-1974-34F1-82C8-8F7ABFE503E5}.Release|x64.Build.0 = Release|x64
		{872779C4-1974-34F1-82C8-8F7ABFE503E5}.MinSizeRel|x64.ActiveCfg = MinSizeRel|x64
		{872779C4-1974-34F1-82C8-8F7ABFE503E5}.MinSizeRel|x64.Build.0 = MinSizeRel|x64
		{872779C4-1974-34F1-82C8-8F7ABFE503E5}.RelWithDebInfo|x64.ActiveCfg = RelWithDebInfo|x64
		{872779C4-1974-34F1-82C8-8F7ABFE503E5}.RelWithDebInfo|x64.Build.0 = RelWithDebInfo|x64
	EndGlobalSection
	GlobalSection(ExtensibilityGlobals) = postSolution
		SolutionGuid = {503B6AF5-ECD9-3DFD-BB75-266B14F8F129}
	EndGlobalSection
	GlobalSection(ExtensibilityAddIns) = postSolution
	EndGlobalSection
EndGlobal
