<?xml version="1.0" encoding="utf-8"?>
<Project ToolsVersion="17.0" xmlns="http://schemas.microsoft.com/developer/msbuild/2003">
  <ItemGroup>
    <ClCompile Include="E:\PersonalWork\Github\ollama-vulkan\ml\backend\ggml\ggml\src\ggml.c">
      <Filter>Source Files</Filter>
    </ClCompile>
    <ClCompile Include="E:\PersonalWork\Github\ollama-vulkan\ml\backend\ggml\ggml\src\ggml-alloc.c">
      <Filter>Source Files</Filter>
    </ClCompile>
    <ClCompile Include="E:\PersonalWork\Github\ollama-vulkan\ml\backend\ggml\ggml\src\ggml-backend.cpp">
      <Filter>Source Files</Filter>
    </ClCompile>
    <ClCompile Include="E:\PersonalWork\Github\ollama-vulkan\ml\backend\ggml\ggml\src\ggml-opt.cpp">
      <Filter>Source Files</Filter>
    </ClCompile>
    <ClCompile Include="E:\PersonalWork\Github\ollama-vulkan\ml\backend\ggml\ggml\src\ggml-threading.cpp">
      <Filter>Source Files</Filter>
    </ClCompile>
    <ClCompile Include="E:\PersonalWork\Github\ollama-vulkan\ml\backend\ggml\ggml\src\ggml-quants.c">
      <Filter>Source Files</Filter>
    </ClCompile>
  </ItemGroup>
  <ItemGroup>
    <ClInclude Include="E:\PersonalWork\Github\ollama-vulkan\ml\backend\ggml\ggml\include\ggml.h">
      <Filter>Header Files</Filter>
    </ClInclude>
    <ClInclude Include="E:\PersonalWork\Github\ollama-vulkan\ml\backend\ggml\ggml\include\ggml-alloc.h">
      <Filter>Header Files</Filter>
    </ClInclude>
    <ClInclude Include="E:\PersonalWork\Github\ollama-vulkan\ml\backend\ggml\ggml\include\ggml-backend.h">
      <Filter>Header Files</Filter>
    </ClInclude>
    <ClInclude Include="E:\PersonalWork\Github\ollama-vulkan\ml\backend\ggml\ggml\include\ggml-cpp.h">
      <Filter>Header Files</Filter>
    </ClInclude>
    <ClInclude Include="E:\PersonalWork\Github\ollama-vulkan\ml\backend\ggml\ggml\include\ggml-opt.h">
      <Filter>Header Files</Filter>
    </ClInclude>
    <ClInclude Include="E:\PersonalWork\Github\ollama-vulkan\ml\backend\ggml\ggml\src\ggml-threading.h">
      <Filter>Header Files</Filter>
    </ClInclude>
    <ClInclude Include="E:\PersonalWork\Github\ollama-vulkan\ml\backend\ggml\ggml\src\ggml-quants.h">
      <Filter>Header Files</Filter>
    </ClInclude>
  </ItemGroup>
  <ItemGroup>
    <CustomBuild Include="E:\PersonalWork\Github\ollama-vulkan\ml\backend\ggml\ggml\src\CMakeLists.txt" />
  </ItemGroup>
  <ItemGroup>
    <Filter Include="Header Files">
      <UniqueIdentifier>{6EA45699-C6CE-3656-A98F-FE73402E7C85}</UniqueIdentifier>
    </Filter>
    <Filter Include="Source Files">
      <UniqueIdentifier>{8975AAAB-270C-3EDF-B42B-253F216387DD}</UniqueIdentifier>
    </Filter>
  </ItemGroup>
</Project>
